<?xml version="1.0" encoding="utf-8"?>
<Project ToolsVersion="4.0" xmlns="http://schemas.microsoft.com/developer/msbuild/2003">
  <ItemGroup>
    <Filter Include="Исходные файлы">
      <UniqueIdentifier>{4FC737F1-C7A5-4376-A066-2A32D752A2FF}</UniqueIdentifier>
      <Extensions>cpp;c;cc;cxx;c++;cppm;ixx;def;odl;idl;hpj;bat;asm;asmx</Extensions>
    </Filter>
    <Filter Include="Файлы заголовков">
      <UniqueIdentifier>{93995380-89BD-4b04-88EB-625FBE52EBFB}</UniqueIdentifier>
      <Extensions>h;hh;hpp;hxx;h++;hm;inl;inc;ipp;xsd</Extensions>
    </Filter>
    <Filter Include="Файлы ресурсов">
      <UniqueIdentifier>{67DA6AB6-F800-4c08-8B7A-83BB121AAD01}</UniqueIdentifier>
      <Extensions>rc;ico;cur;bmp;dlg;rc2;rct;bin;rgs;gif;jpg;jpeg;jpe;resx;tiff;tif;png;wav;mfcribbon-ms</Extensions>
    </Filter>
    <Filter Include="Исходные файлы\realization">
      <UniqueIdentifier>{795d053f-9dad-466c-ae52-a1f365c9d2a7}</UniqueIdentifier>
    </Filter>
    <Filter Include="Исходные файлы\images">
      <UniqueIdentifier>{481125d8-edba-4b83-bde3-ac51e8555600}</UniqueIdentifier>
    </Filter>
    <Filter Include="Исходные файлы\Initialization">
      <UniqueIdentifier>{02fa8009-8de1-45b3-a1c4-0c010d5cff81}</UniqueIdentifier>
    </Filter>
    <Filter Include="Исходные файлы\images\dance">
      <UniqueIdentifier>{c48e3351-e1b3-4cf5-a301-41a7f6374e38}</UniqueIdentifier>
    </Filter>
    <Filter Include="Исходные файлы\images\run1">
      <UniqueIdentifier>{c4b6dc8d-4156-4376-ae71-4f8b89ed4241}</UniqueIdentifier>
    </Filter>
    <Filter Include="Исходные файлы\images\run2">
      <UniqueIdentifier>{fec4f818-ba1d-43af-a39c-5e026ef1c1ea}</UniqueIdentifier>
    </Filter>
  </ItemGroup>
  <ItemGroup>
    <ClCompile Include="windowsForm.cpp">
      <Filter>Исходные файлы</Filter>
    </ClCompile>
    <ClCompile Include="pch.cpp">
      <Filter>Исходные файлы</Filter>
    </ClCompile>
    <ClCompile Include="calculate_Speed.cpp">
      <Filter>Исходные файлы\realization</Filter>
    </ClCompile>
    <ClCompile Include="create_companent.cpp">
      <Filter>Исходные файлы\Initialization</Filter>
    </ClCompile>
    <ClCompile Include="InitializeCompanents.cpp">
      <Filter>Исходные файлы\Initialization</Filter>
    </ClCompile>
    <ClCompile Include="init_input.cpp">
      <Filter>Исходные файлы\Initialization</Filter>
    </ClCompile>
    <ClCompile Include="loading_images.cpp">
      <Filter>Исходные файлы\realization</Filter>
    </ClCompile>
    <ClCompile Include="plotting.cpp">
      <Filter>Исходные файлы\realization</Filter>
    </ClCompile>
    <ClCompile Include="animation_tick.cpp">
      <Filter>Исходные файлы\realization</Filter>
    </ClCompile>
    <ClCompile Include="init_label_result.cpp">
      <Filter>Исходные файлы\Initialization</Filter>
    </ClCompile>
    <ClCompile Include="creating_plot.cpp">
      <Filter>Исходные файлы\Initialization</Filter>
    </ClCompile>
    <ClCompile Include="init_pictures_animation.cpp">
      <Filter>Исходные файлы\Initialization</Filter>
    </ClCompile>
  </ItemGroup>
  <ItemGroup>
    <ClInclude Include="windowsForm.h">
      <Filter>Файлы заголовков</Filter>
    </ClInclude>
    <ClInclude Include="pch.h">
      <Filter>Файлы заголовков</Filter>
    </ClInclude>
    <ClInclude Include="prototypes.h">
      <Filter>Файлы заголовков</Filter>
    </ClInclude>
    <ClInclude Include="Resourse.h">
      <Filter>Файлы заголовков</Filter>
    </ClInclude>
  </ItemGroup>
  <ItemGroup>
    <Image Include="images\dance\5.jpg">
      <Filter>Исходные файлы\images\dance</Filter>
    </Image>
    <Image Include="images\dance\6.jpg">
      <Filter>Исходные файлы\images\dance</Filter>
    </Image>
    <Image Include="images\dance\7.jpg">
      <Filter>Исходные файлы\images\dance</Filter>
    </Image>
    <Image Include="images\dance\8.jpg">
      <Filter>Исходные файлы\images\dance</Filter>
    </Image>
    <Image Include="images\dance\9.jpg">
      <Filter>Исходные файлы\images\dance</Filter>
    </Image>
    <Image Include="images\dance\10.jpg">
      <Filter>Исходные файлы\images\dance</Filter>
    </Image>
    <Image Include="images\dance\11.jpg">
      <Filter>Исходные файлы\images\dance</Filter>
    </Image>
    <Image Include="images\dance\0.jpg">
      <Filter>Исходные файлы\images\dance</Filter>
    </Image>
    <Image Include="images\dance\1.jpg">
      <Filter>Исходные файлы\images\dance</Filter>
    </Image>
    <Image Include="images\dance\2.jpg">
      <Filter>Исходные файлы\images\dance</Filter>
    </Image>
    <Image Include="images\dance\3.jpg">
      <Filter>Исходные файлы\images\dance</Filter>
    </Image>
    <Image Include="images\dance\4.jpg">
      <Filter>Исходные файлы\images\dance</Filter>
    </Image>
    <Image Include="images\run1\1.jpg">
      <Filter>Исходные файлы\images\run1</Filter>
    </Image>
    <Image Include="images\run1\2.jpg">
      <Filter>Исходные файлы\images\run1</Filter>
    </Image>
    <Image Include="images\run1\3.jpg">
      <Filter>Исходные файлы\images\run1</Filter>
    </Image>
    <Image Include="images\run1\4.jpg">
      <Filter>Исходные файлы\images\run1</Filter>
    </Image>
    <Image Include="images\run1\5.jpg">
      <Filter>Исходные файлы\images\run1</Filter>
    </Image>
    <Image Include="images\run1\6.jpg">
      <Filter>Исходные файлы\images\run1</Filter>
    </Image>
    <Image Include="images\run1\7.jpg">
      <Filter>Исходные файлы\images\run1</Filter>
    </Image>
    <Image Include="images\run1\8.jpg">
      <Filter>Исходные файлы\images\run1</Filter>
    </Image>
    <Image Include="images\run1\9.jpg">
      <Filter>Исходные файлы\images\run1</Filter>
    </Image>
    <Image Include="images\run1\10.jpg">
      <Filter>Исходные файлы\images\run1</Filter>
    </Image>
    <Image Include="images\run1\11.jpg">
      <Filter>Исходные файлы\images\run1</Filter>
    </Image>
    <Image Include="images\run1\12.jpg">
      <Filter>Исходные файлы\images\run1</Filter>
    </Image>
    <Image Include="images\run1\13.jpg">
      <Filter>Исходные файлы\images\run1</Filter>
    </Image>
    <Image Include="images\run1\14.jpg">
      <Filter>Исходные файлы\images\run1</Filter>
    </Image>
    <Image Include="images\run1\15.jpg">
      <Filter>Исходные файлы\images\run1</Filter>
    </Image>
    <Image Include="images\run1\16.jpg">
      <Filter>Исходные файлы\images\run1</Filter>
    </Image>
    <Image Include="images\run1\17.jpg">
      <Filter>Исходные файлы\images\run1</Filter>
    </Image>
    <Image Include="images\run1\18.jpg">
      <Filter>Исходные файлы\images\run1</Filter>
    </Image>
    <Image Include="images\run1\19.jpg">
      <Filter>Исходные файлы\images\run1</Filter>
    </Image>
    <Image Include="images\run1\20.jpg">
      <Filter>Исходные файлы\images\run1</Filter>
    </Image>
    <Image Include="images\run1\21.jpg">
      <Filter>Исходные файлы\images\run1</Filter>
    </Image>
    <Image Include="images\run1\22.jpg">
      <Filter>Исходные файлы\images\run1</Filter>
    </Image>
    <Image Include="images\run1\23.jpg">
      <Filter>Исходные файлы\images\run1</Filter>
    </Image>
    <Image Include="images\run1\24.jpg">
      <Filter>Исходные файлы\images\run1</Filter>
    </Image>
    <Image Include="images\run1\25.jpg">
      <Filter>Исходные файлы\images\run1</Filter>
    </Image>
    <Image Include="images\run1\26.jpg">
      <Filter>Исходные файлы\images\run1</Filter>
    </Image>
    <Image Include="images\run1\27.jpg">
      <Filter>Исходные файлы\images\run1</Filter>
    </Image>
    <Image Include="images\run1\28.jpg">
      <Filter>Исходные файлы\images\run1</Filter>
    </Image>
    <Image Include="images\run1\29.jpg">
      <Filter>Исходные файлы\images\run1</Filter>
    </Image>
    <Image Include="images\run1\30.jpg">
      <Filter>Исходные файлы\images\run1</Filter>
    </Image>
    <Image Include="images\run1\31.jpg">
      <Filter>Исходные файлы\images\run1</Filter>
    </Image>
    <Image Include="images\run1\32.jpg">
      <Filter>Исходные файлы\images\run1</Filter>
    </Image>
    <Image Include="images\run1\33.jpg">
      <Filter>Исходные файлы\images\run1</Filter>
    </Image>
    <Image Include="images\run1\34.jpg">
      <Filter>Исходные файлы\images\run1</Filter>
    </Image>
    <Image Include="images\run1\35.jpg">
      <Filter>Исходные файлы\images\run1</Filter>
    </Image>
    <Image Include="images\run1\36.jpg">
      <Filter>Исходные файлы\images\run1</Filter>
    </Image>
    <Image Include="images\run1\37.jpg">
      <Filter>Исходные файлы\images\run1</Filter>
    </Image>
    <Image Include="images\run1\38.jpg">
      <Filter>Исходные файлы\images\run1</Filter>
    </Image>
    <Image Include="images\run1\39.jpg">
      <Filter>Исходные файлы\images\run1</Filter>
    </Image>
    <Image Include="images\run1\40.jpg">
      <Filter>Исходные файлы\images\run1</Filter>
    </Image>
    <Image Include="images\run1\41.jpg">
      <Filter>Исходные файлы\images\run1</Filter>
    </Image>
    <Image Include="images\run1\42.jpg">
      <Filter>Исходные файлы\images\run1</Filter>
    </Image>
    <Image Include="images\run1\43.jpg">
      <Filter>Исходные файлы\images\run1</Filter>
    </Image>
    <Image Include="images\run1\44.jpg">
      <Filter>Исходные файлы\images\run1</Filter>
    </Image>
    <Image Include="images\run1\45.jpg">
      <Filter>Исходные файлы\images\run1</Filter>
    </Image>
    <Image Include="images\run1\46.jpg">
      <Filter>Исходные файлы\images\run1</Filter>
    </Image>
    <Image Include="images\run1\47.jpg">
      <Filter>Исходные файлы\images\run1</Filter>
    </Image>
    <Image Include="images\run1\48.jpg">
      <Filter>Исходные файлы\images\run1</Filter>
    </Image>
    <Image Include="images\run1\0.jpg">
      <Filter>Исходные файлы\images\run1</Filter>
    </Image>
    <Image Include="images\run2\0.jpg">
      <Filter>Исходные файлы\images\run2</Filter>
    </Image>
    <Image Include="images\run2\1.jpg">
      <Filter>Исходные файлы\images\run2</Filter>
    </Image>
    <Image Include="images\run2\2.jpg">
      <Filter>Исходные файлы\images\run2</Filter>
    </Image>
    <Image Include="images\run2\3.jpg">
      <Filter>Исходные файлы\images\run2</Filter>
    </Image>
    <Image Include="images\run2\4.jpg">
      <Filter>Исходные файлы\images\run2</Filter>
    </Image>
    <Image Include="images\run2\5.jpg">
      <Filter>Исходные файлы\images\run2</Filter>
    </Image>
    <Image Include="images\run2\6.jpg">
      <Filter>Исходные файлы\images\run2</Filter>
    </Image>
    <Image Include="images\run2\7.jpg">
      <Filter>Исходные файлы\images\run2</Filter>
    </Image>
    <Image Include="images\run2\8.jpg">
      <Filter>Исходные файлы\images\run2</Filter>
    </Image>
    <Image Include="images\run2\9.jpg">
      <Filter>Исходные файлы\images\run2</Filter>
    </Image>
    <Image Include="images\run2\10.jpg">
      <Filter>Исходные файлы\images\run2</Filter>
    </Image>
    <Image Include="images\run2\11.jpg">
      <Filter>Исходные файлы\images\run2</Filter>
    </Image>
    <Image Include="images\run2\12.jpg">
      <Filter>Исходные файлы\images\run2</Filter>
    </Image>
    <Image Include="images\run2\13.jpg">
      <Filter>Исходные файлы\images\run2</Filter>
    </Image>
    <Image Include="images\run2\14.jpg">
      <Filter>Исходные файлы\images\run2</Filter>
    </Image>
  </ItemGroup>
</Project>